
Microsoft Visual Studio Solution File, Format Version 12.00
# Visual Studio Version 17
VisualStudioVersion = 17.14.37614.0
MinimumVisualStudioVersion = 10.0.40219.1
Project("{2150E333-8FDC-42A3-9474-1A3956D46DE8}") = "Task0", "Task0", "{02EA681E-C7D8-13C7-8484-4AC65E1B71E8}"
EndProject
Project("{FAE04EC0-301F-11D3-BF4B-00C04F79EFBC}") = "Tyuiu.MikhailovVN.Sprint1.Task0.V26", "Tyuiu.MikhailovVN.Sprint1.Task0.V26\Tyuiu.MikhailovVN.Sprint1.Task0.V26.csproj", "{76BA9D86-7855-42ED-9E36-BAB5212E8BE5}"
EndProject
Project("{FAE04EC0-301F-11D3-BF4B-00C04F79EFBC}") = "Tyuiu.MikhailovVN.Sprint1.Task0.V26.Lib", "Tyuiu.MikhailovVN.Sprint1.Task0.V26.Lib\Tyuiu.MikhailovVN.Sprint1.Task0.V26.Lib.csproj", "{472BDFF3-7F46-4F34-BA1F-6F63572C7077}"
EndProject
Project("{FAE04EC0-301F-11D3-BF4B-00C04F79EFBC}") = "Tyuiu.MikhailovVN.Sprint1.Task0.V26.Test", "Tyuiu.MikhailovVN.Sprint1.Task0.V26.Test\Tyuiu.MikhailovVN.Sprint1.Task0.V26.Test.csproj", "{7876A122-558A-4426-A26B-77355DD1B22F}"
EndProject
Project("{2150E333-8FDC-42A3-9474-1A3956D46DE8}") = "Task1", "Task1", "{3CF4B475-E38B-4427-87D9-3D9E090C767A}"
EndProject
Project("{FAE04EC0-301F-11D3-BF4B-00C04F79EFBC}") = "Tyuiu.MikhailovVN.Sprint1.Task1.V12", "Tyuiu.MikhailovVN.Sprint1.Task1.V12\Tyuiu.MikhailovVN.Sprint1.Task1.V12.csproj", "{F5ED17EF-863B-4F5A-91D4-3DA63BEB54C1}"
EndProject
Project("{FAE04EC0-301F-11D3-BF4B-00C04F79EFBC}") = "Tyuiu.MikhailovVN.Sprint1.Task1.V12.Lib", "Tyuiu.MikhailovVN.Sprint1.Task1.V12.Lib\Tyuiu.MikhailovVN.Sprint1.Task1.V12.Lib.csproj", "{4E2A2F9C-6187-40BB-B0BE-0BA74C85FE78}"
EndProject
Project("{FAE04EC0-301F-11D3-BF4B-00C04F79EFBC}") = "Tyuiu.MikhailovVN.Sprint1.Task1.V12.Test", "Tyuiu.MikhailovVN.Sprint1.Task1.V12.Test\Tyuiu.MikhailovVN.Sprint1.Task1.V12.Test.csproj", "{D5442118-AEB3-47D0-B32D-E3756B79F1B3}"
EndProject
Project("{2150E333-8FDC-42A3-9474-1A3956D46DE8}") = "Task2", "Task2", "{5E952CD7-5522-46E3-A77B-7BFE64AC1DCA}"
EndProject
Project("{FAE04EC0-301F-11D3-BF4B-00C04F79EFBC}") = "Tyuiu.MikhailovVN.Sprint1.Task2.V29", "Tyuiu.MikhailovVN.Sprint1.Task2.V29\Tyuiu.MikhailovVN.Sprint1.Task2.V29.csproj", "{2E7B4D5C-E4A2-45C2-94EA-702560779267}"
EndProject
Project("{FAE04EC0-301F-11D3-BF4B-00C04F79EFBC}") = "Tyuiu.MikhailovVN.Sprint1.Task2.V29.Lib", "Tyuiu.MikhailovVN.Sprint1.Task2.V29.Lib\Tyuiu.MikhailovVN.Sprint1.Task2.V29.Lib.csproj", "{4C3121C5-31A8-408E-BBAB-D19D6CB22686}"
EndProject
Project("{FAE04EC0-301F-11D3-BF4B-00C04F79EFBC}") = "Tyuiu.MikhailovVN.Sprint1.Task2.V29.Test", "Tyuiu.MikhailovVN.Sprint1.Task2.V29.Test\Tyuiu.MikhailovVN.Sprint1.Task2.V29.Test.csproj", "{22243FD1-7779-424F-80E0-B79579A05357}"
EndProject
Project("{2150E333-8FDC-42A3-9474-1A3956D46DE8}") = "Task3", "Task3", "{95CE4BF0-93A5-47FF-AF7D-BB7488C476EB}"
EndProject
Project("{FAE04EC0-301F-11D3-BF4B-00C04F79EFBC}") = "Tyuiu.MikhailovVN.Sprint1.Task3.V19", "Tyuiu.MikhailovVN.Sprint1.Task3.V19\Tyuiu.MikhailovVN.Sprint1.Task3.V19.csproj", "{075556BE-33B6-4863-8ACD-502CA08C7C68}"
EndProject
Project("{FAE04EC0-301F-11D3-BF4B-00C04F79EFBC}") = "Tyuiu.MikhailovVN.Sprint1.Task3.V19.Lib", "Tyuiu.MikhailovVN.Sprint1.Task3.V19.Lib\Tyuiu.MikhailovVN.Sprint1.Task3.V19.Lib.csproj", "{F170FAF6-3167-4036-B3E3-8571A1E1E499}"
EndProject
Project("{FAE04EC0-301F-11D3-BF4B-00C04F79EFBC}") = "Tyuiu.MikhailovVN.Sprint1.Task3.V19.Test", "Tyuiu.MikhailovVN.Sprint1.Task3.V19.Test\Tyuiu.MikhailovVN.Sprint1.Task3.V19.Test.csproj", "{B12CD44D-34B1-4930-8941-17FA4A0A189E}"
EndProject
Project("{2150E333-8FDC-42A3-9474-1A3956D46DE8}") = "Task4", "Task4", "{B76B0DD3-7441-4043-A1A5-849C7527A993}"
EndProject
Project("{FAE04EC0-301F-11D3-BF4B-00C04F79EFBC}") = "Tyuiu.MikhailovVN.Sprint1.Task4.V29", "Tyuiu.MikhailovVN.Sprint1.Task4.V29\Tyuiu.MikhailovVN.Sprint1.Task4.V29.csproj", "{16E8529A-A85F-4121-B769-AA421D10A911}"
EndProject
Project("{FAE04EC0-301F-11D3-BF4B-00C04F79EFBC}") = "Tyuiu.MikhailovVN.Sprint1.Task4.V29.Lib", "Tyuiu.MikhailovVN.Sprint1.Task4.V29.Lib\Tyuiu.MikhailovVN.Sprint1.Task4.V29.Lib.csproj", "{B40735CA-603F-45DD-AE9A-8C49527119D8}"
EndProject
Project("{FAE04EC0-301F-11D3-BF4B-00C04F79EFBC}") = "Tyuiu.MikhailovVN.Sprint1.Task4.V29.Test", "Tyuiu.MikhailovVN.Sprint1.Task4.V29.Test\Tyuiu.MikhailovVN.Sprint1.Task4.V29.Test.csproj", "{8C4607DE-FCBB-4C50-B8E7-39AB1D98F3CE}"
EndProject
Project("{2150E333-8FDC-42A3-9474-1A3956D46DE8}") = "Task5", "Task5", "{9F149629-FD5F-4C10-B42C-9B9642DA56B0}"
EndProject
Project("{FAE04EC0-301F-11D3-BF4B-00C04F79EFBC}") = "Tyuiu.MikhailovVN.Sprint1.Task5.V5", "Tyuiu.MikhailovVN.Sprint1.Task5.V5\Tyuiu.MikhailovVN.Sprint1.Task5.V5.csproj", "{1DD7EC24-38AA-4FCC-9631-44CD21262E88}"
EndProject
Project("{FAE04EC0-301F-11D3-BF4B-00C04F79EFBC}") = "Tyuiu.MikhailovVN.Sprint1.Task5.V5.Lib", "Tyuiu.MikhailovVN.Sprint1.Task5.V5.Lib\Tyuiu.MikhailovVN.Sprint1.Task5.V5.Lib.csproj", "{0A14411D-072B-4064-A468-121418D14B04}"
EndProject
Project("{FAE04EC0-301F-11D3-BF4B-00C04F79EFBC}") = "Tyuiu.MikhailovVN.Sprint1.Task5.V5.Test", "Tyuiu.MikhailovVN.Sprint1.Task5.V5.Test\Tyuiu.MikhailovVN.Sprint1.Task5.V5.Test.csproj", "{F23D3604-981F-41DF-80E1-406A5EB118AE}"
EndProject
Project("{2150E333-8FDC-42A3-9474-1A3956D46DE8}") = "Task6", "Task6", "{C28D6F64-D552-4665-8C91-E59E70934EA9}"
EndProject
Project("{FAE04EC0-301F-11D3-BF4B-00C04F79EFBC}") = "Tyuiu.MikhailovVN.Sprint1.Task6.V9", "Tyuiu.MikhailovVN.Sprint1.Task6.V9\Tyuiu.MikhailovVN.Sprint1.Task6.V9.csproj", "{2D7C93D6-0E63-4EF3-868A-95D75880462A}"
EndProject
Project("{FAE04EC0-301F-11D3-BF4B-00C04F79EFBC}") = "Tyuiu.MikhailovVN.Sprint1.Task6.V9.Lib", "Tyuiu.MikhailovVN.Sprint1.Task6.V9.Lib\Tyuiu.MikhailovVN.Sprint1.Task6.V9.Lib.csproj", "{89A8A55C-67B4-4BD2-A5C5-1670D2DCFB09}"
EndProject
Project("{FAE04EC0-301F-11D3-BF4B-00C04F79EFBC}") = "Tyuiu.MikhailovVN.Sprint1.Task6.V9.Test", "Tyuiu.MikhailovVN.Sprint1.Task6.V9.Test\Tyuiu.MikhailovVN.Sprint1.Task6.V9.Test.csproj", "{4DA3D33A-E2BF-4440-B652-352F128D34BF}"
EndProject
Global
	GlobalSection(SolutionConfigurationPlatforms) = preSolution
		Debug|Any CPU = Debug|Any CPU
		Release|Any CPU = Release|Any CPU
	EndGlobalSection
	GlobalSection(ProjectConfigurationPlatforms) = postSolution
		{76BA9D86-7855-42ED-9E36-BAB5212E8BE5}.Debug|Any CPU.ActiveCfg = Debug|Any CPU
		{76BA9D86-7855-42ED-9E36-BAB5212E8BE5}.Debug|Any CPU.Build.0 = Debug|Any CPU
		{76BA9D86-7855-42ED-9E36-BAB5212E8BE5}.Release|Any CPU.ActiveCfg = Release|Any CPU
		{76BA9D86-7855-42ED-9E36-BAB5212E8BE5}.Release|Any CPU.Build.0 = Release|Any CPU
		{472BDFF3-7F46-4F34-BA1F-6F63572C7077}.Debug|Any CPU.ActiveCfg = Debug|Any CPU
		{472BDFF3-7F46-4F34-BA1F-6F63572C7077}.Debug|Any CPU.Build.0 = Debug|Any CPU
		{472BDFF3-7F46-4F34-BA1F-6F63572C7077}.Release|Any CPU.ActiveCfg = Release|Any CPU
		{472BDFF3-7F46-4F34-BA1F-6F63572C7077}.Release|Any CPU.Build.0 = Release|Any CPU
		{7876A122-558A-4426-A26B-77355DD1B22F}.Debug|Any CPU.ActiveCfg = Debug|Any CPU
		{7876A122-558A-4426-A26B-77355DD1B22F}.Debug|Any CPU.Build.0 = Debug|Any CPU
		{7876A122-558A-4426-A26B-77355DD1B22F}.Release|Any CPU.ActiveCfg = Release|Any CPU
		{7876A122-558A-4426-A26B-77355DD1B22F}.Release|Any CPU.Build.0 = Release|Any CPU
		{F5ED17EF-863B-4F5A-91D4-3DA63BEB54C1}.Debug|Any CPU.ActiveCfg = Debug|Any CPU
		{F5ED17EF-863B-4F5A-91D4-3DA63BEB54C1}.Debug|Any CPU.Build.0 = Debug|Any CPU
		{F5ED17EF-863B-4F5A-91D4-3DA63BEB54C1}.Release|Any CPU.ActiveCfg = Release|Any CPU
		{F5ED17EF-863B-4F5A-91D4-3DA63BEB54C1}.Release|Any CPU.Build.0 = Release|Any CPU
		{4E2A2F9C-6187-40BB-B0BE-0BA74C85FE78}.Debug|Any CPU.ActiveCfg = Debug|Any CPU
		{4E2A2F9C-6187-40BB-B0BE-0BA74C85FE78}.Debug|Any CPU.Build.0 = Debug|Any CPU
		{4E2A2F9C-6187-40BB-B0BE-0BA74C85FE78}.Release|Any CPU.ActiveCfg = Release|Any CPU
		{4E2A2F9C-6187-40BB-B0BE-0BA74C85FE78}.Release|Any CPU.Build.0 = Release|Any CPU
		{D5442118-AEB3-47D0-B32D-E3756B79F1B3}.Debug|Any CPU.ActiveCfg = Debug|Any CPU
		{D5442118-AEB3-47D0-B32D-E3756B79F1B3}.Debug|Any CPU.Build.0 = Debug|Any CPU
		{D5442118-AEB3-47D0-B32D-E3756B79F1B3}.Release|Any CPU.ActiveCfg = Release|Any CPU
		{D5442118-AEB3-47D0-B32D-E3756B79F1B3}.Release|Any CPU.Build.0 = Release|Any CPU
		{2E7B4D5C-E4A2-45C2-94EA-702560779267}.Debug|Any CPU.ActiveCfg = Debug|Any CPU
		{2E7B4D5C-E4A2-45C2-94EA-702560779267}.Debug|Any CPU.Build.0 = Debug|Any CPU
		{2E7B4D5C-E4A2-45C2-94EA-702560779267}.Release|Any CPU.ActiveCfg = Release|Any CPU
		{2E7B4D5C-E4A2-45C2-94EA-702560779267}.Release|Any CPU.Build.0 = Release|Any CPU
		{4C3121C5-31A8-408E-BBAB-D19D6CB22686}.Debug|Any CPU.ActiveCfg = Debug|Any CPU
		{4C3121C5-31A8-408E-BBAB-D19D6CB22686}.Debug|Any CPU.Build.0 = Debug|Any CPU
		{4C3121C5-31A8-408E-BBAB-D19D6CB22686}.Release|Any CPU.ActiveCfg = Release|Any CPU
		{4C3121C5-31A8-408E-BBAB-D19D6CB22686}.Release|Any CPU.Build.0 = Release|Any CPU
		{22243FD1-7779-424F-80E0-B79579A05357}.Debug|Any CPU.ActiveCfg = Debug|Any CPU
		{22243FD1-7779-424F-80E0-B79579A05357}.Debug|Any CPU.Build.0 = Debug|Any CPU
		{22243FD1-7779-424F-80E0-B79579A05357}.Release|Any CPU.ActiveCfg = Release|Any CPU
		{22243FD1-7779-424F-80E0-B79579A05357}.Release|Any CPU.Build.0 = Release|Any CPU
		{075556BE-33B6-4863-8ACD-502CA08C7C68}.Debug|Any CPU.ActiveCfg = Debug|Any CPU
		{075556BE-33B6-4863-8ACD-502CA08C7C68}.Debug|Any CPU.Build.0 = Debug|Any CPU
		{075556BE-33B6-4863-8ACD-502CA08C7C68}.Release|Any CPU.ActiveCfg = Release|Any CPU
		{075556BE-33B6-4863-8ACD-502CA08C7C68}.Release|Any CPU.Build.0 = Release|Any CPU
		{F170FAF6-3167-4036-B3E3-8571A1E1E499}.Debug|Any CPU.ActiveCfg = Debug|Any CPU
		{F170FAF6-3167-4036-B3E3-8571A1E1E499}.Debug|Any CPU.Build.0 = Debug|Any CPU
		{F170FAF6-3167-4036-B3E3-8571A1E1E499}.Release|Any CPU.ActiveCfg = Release|Any CPU
		{F170FAF6-3167-4036-B3E3-8571A1E1E499}.Release|Any CPU.Build.0 = Release|Any CPU
		{B12CD44D-34B1-4930-8941-17FA4A0A189E}.Debug|Any CPU.ActiveCfg = Debug|Any CPU
		{B12CD44D-34B1-4930-8941-17FA4A0A189E}.Debug|Any CPU.Build.0 = Debug|Any CPU
		{B12CD44D-34B1-4930-8941-17FA4A0A189E}.Release|Any CPU.ActiveCfg = Release|Any CPU
		{B12CD44D-34B1-4930-8941-17FA4A0A189E}.Release|Any CPU.Build.0 = Release|Any CPU
		{16E8529A-A85F-4121-B769-AA421D10A911}.Debug|Any CPU.ActiveCfg = Debug|Any CPU
		{16E8529A-A85F-4121-B769-AA421D10A911}.Debug|Any CPU.Build.0 = Debug|Any CPU
		{16E8529A-A85F-4121-B769-AA421D10A911}.Release|Any CPU.ActiveCfg = Release|Any CPU
		{16E8529A-A85F-4121-B769-AA421D10A911}.Release|Any CPU.Build.0 = Release|Any CPU
		{B40735CA-603F-45DD-AE9A-8C49527119D8}.Debug|Any CPU.ActiveCfg = Debug|Any CPU
		{B40735CA-603F-45DD-AE9A-8C49527119D8}.Debug|Any CPU.Build.0 = Debug|Any CPU
		{B40735CA-603F-45DD-AE9A-8C49527119D8}.Release|Any CPU.ActiveCfg = Release|Any CPU
		{B40735CA-603F-45DD-AE9A-8C49527119D8}.Release|Any CPU.Build.0 = Release|Any CPU
		{8C4607DE-FCBB-4C50-B8E7-39AB1D98F3CE}.Debug|Any CPU.ActiveCfg = Debug|Any CPU
		{8C4607DE-FCBB-4C50-B8E7-39AB1D98F3CE}.Debug|Any CPU.Build.0 = Debug|Any CPU
		{8C4607DE-FCBB-4C50-B8E7-39AB1D98F3CE}.Release|Any CPU.ActiveCfg = Release|Any CPU
		{8C4607DE-FCBB-4C50-B8E7-39AB1D98F3CE}.Release|Any CPU.Build.0 = Release|Any CPU
		{1DD7EC24-38AA-4FCC-9631-44CD21262E88}.Debug|Any CPU.ActiveCfg = Debug|Any CPU
		{1DD7EC24-38AA-4FCC-9631-44CD21262E88}.Debug|Any CPU.Build.0 = Debug|Any CPU
		{1DD7EC24-38AA-4FCC-9631-44CD21262E88}.Release|Any CPU.ActiveCfg = Release|Any CPU
		{1DD7EC24-38AA-4FCC-9631-44CD21262E88}.Release|Any CPU.Build.0 = Release|Any CPU
		{0A14411D-072B-4064-A468-121418D14B04}.Debug|Any CPU.ActiveCfg = Debug|Any CPU
		{0A14411D-072B-4064-A468-121418D14B04}.Debug|Any CPU.Build.0 = Debug|Any CPU
		{0A14411D-072B-4064-A468-121418D14B04}.Release|Any CPU.ActiveCfg = Release|Any CPU
		{0A14411D-072B-4064-A468-121418D14B04}.Release|Any CPU.Build.0 = Release|Any CPU
		{F23D3604-981F-41DF-80E1-406A5EB118AE}.Debug|Any CPU.ActiveCfg = Debug|Any CPU
		{F23D3604-981F-41DF-80E1-406A5EB118AE}.Debug|Any CPU.Build.0 = Debug|Any CPU
		{F23D3604-981F-41DF-80E1-406A5EB118AE}.Release|Any CPU.ActiveCfg = Release|Any CPU
		{F23D3604-981F-41DF-80E1-406A5EB118AE}.Release|Any CPU.Build.0 = Release|Any CPU
		{2D7C93D6-0E63-4EF3-868A-95D75880462A}.Debug|Any CPU.ActiveCfg = Debug|Any CPU
		{2D7C93D6-0E63-4EF3-868A-95D75880462A}.Debug|Any CPU.Build.0 = Debug|Any CPU
		{2D7C93D6-0E63-4EF3-868A-95D75880462A}.Release|Any CPU.ActiveCfg = Release|Any CPU
		{2D7C93D6-0E63-4EF3-868A-95D75880462A}.Release|Any CPU.Build.0 = Release|Any CPU
		{89A8A55C-67B4-4BD2-A5C5-1670D2DCFB09}.Debug|Any CPU.ActiveCfg = Debug|Any CPU
		{89A8A55C-67B4-4BD2-A5C5-1670D2DCFB09}.Debug|Any CPU.Build.0 = Debug|Any CPU
		{89A8A55C-67B4-4BD2-A5C5-1670D2DCFB09}.Release|Any CPU.ActiveCfg = Release|Any CPU
		{89A8A55C-67B4-4BD2-A5C5-1670D2DCFB09}.Release|Any CPU.Build.0 = Release|Any CPU
		{4DA3D33A-E2BF-4440-B652-352F128D34BF}.Debug|Any CPU.ActiveCfg = Debug|Any CPU
		{4DA3D33A-E2BF-4440-B652-352F128D34BF}.Debug|Any CPU.Build.0 = Debug|Any CPU
		{4DA3D33A-E2BF-4440-B652-352F128D34BF}.Release|Any CPU.ActiveCfg = Release|Any CPU
		{4DA3D33A-E2BF-4440-B652-352F128D34BF}.Release|Any CPU.Build.0 = Release|Any CPU
	EndGlobalSection
	GlobalSection(SolutionProperties) = preSolution
		HideSolutionNode = FALSE
	EndGlobalSection
	GlobalSection(NestedProjects) = preSolution
		{76BA9D86-7855-42ED-9E36-BAB5212E8BE5} = {02EA681E-C7D8-13C7-8484-4AC65E1B71E8}
		{472BDFF3-7F46-4F34-BA1F-6F63572C7077} = {02EA681E-C7D8-13C7-8484-4AC65E1B71E8}
		{7876A122-558A-4426-A26B-77355DD1B22F} = {02EA681E-C7D8-13C7-8484-4AC65E1B71E8}
		{F5ED17EF-863B-4F5A-91D4-3DA63BEB54C1} = {3CF4B475-E38B-4427-87D9-3D9E090C767A}
		{4E2A2F9C-6187-40BB-B0BE-0BA74C85FE78} = {3CF4B475-E38B-4427-87D9-3D9E090C767A}
		{D5442118-AEB3-47D0-B32D-E3756B79F1B3} = {3CF4B475-E38B-4427-87D9-3D9E090C767A}
		{2E7B4D5C-E4A2-45C2-94EA-702560779267} = {5E952CD7-5522-46E3-A77B-7BFE64AC1DCA}
		{4C3121C5-31A8-408E-BBAB-D19D6CB22686} = {5E952CD7-5522-46E3-A77B-7BFE64AC1DCA}
		{22243FD1-7779-424F-80E0-B79579A05357} = {5E952CD7-5522-46E3-A77B-7BFE64AC1DCA}
		{075556BE-33B6-4863-8ACD-502CA08C7C68} = {95CE4BF0-93A5-47FF-AF7D-BB7488C476EB}
		{F170FAF6-3167-4036-B3E3-8571A1E1E499} = {95CE4BF0-93A5-47FF-AF7D-BB7488C476EB}
		{B12CD44D-34B1-4930-8941-17FA4A0A189E} = {95CE4BF0-93A5-47FF-AF7D-BB7488C476EB}
		{16E8529A-A85F-4121-B769-AA421D10A911} = {B76B0DD3-7441-4043-A1A5-849C7527A993}
		{B40735CA-603F-45DD-AE9A-8C49527119D8} = {B76B0DD3-7441-4043-A1A5-849C7527A993}
		{8C4607DE-FCBB-4C50-B8E7-39AB1D98F3CE} = {B76B0DD3-7441-4043-A1A5-849C7527A993}
		{1DD7EC24-38AA-4FCC-9631-44CD21262E88} = {9F149629-FD5F-4C10-B42C-9B9642DA56B0}
		{0A14411D-072B-4064-A468-121418D14B04} = {9F149629-FD5F-4C10-B42C-9B9642DA56B0}
		{F23D3604-981F-41DF-80E1-406A5EB118AE} = {9F149629-FD5F-4C10-B42C-9B9642DA56B0}
		{2D7C93D6-0E63-4EF3-868A-95D75880462A} = {C28D6F64-D552-4665-8C91-E59E70934EA9}
		{89A8A55C-67B4-4BD2-A5C5-1670D2DCFB09} = {C28D6F64-D552-4665-8C91-E59E70934EA9}
		{4DA3D33A-E2BF-4440-B652-352F128D34BF} = {C28D6F64-D552-4665-8C91-E59E70934EA9}
	EndGlobalSection
	GlobalSection(ExtensibilityGlobals) = postSolution
		SolutionGuid = {07E37091-5F85-4ED1-A387-8BDB9626D99F}
	EndGlobalSection
EndGlobal
